Microsoft Visual Studio Solution File, Format Version 12.00
# Visual Studio Express 2013 for Windows Desktop
VisualStudioVersion = 12.0.31101.0
MinimumVisualStudioVersion = 10.0.40219.1
Project("{FAE04EC0-301F-11D3-BF4B-00C04F79EFBC}") = "001_Figure", "001_Figure\001_Figure.csproj", "{7E4CEB93-7EC6-4931-809F-E0201D56E43D}"
EndProject
Project("{FAE04EC0-301F-11D3-BF4B-00C04F79EFBC}") = "Common", "000_Common\Common.csproj", "{58E7589A-D96A-497B-BDCB-41AC68CA368D}"
EndProject
Project("{FAE04EC0-301F-11D3-BF4B-00C04F79EFBC}") = "002_nombres_premiers", "002_nombres_premiers\002_nombres_premiers.csproj", "{C67A89CF-D567-42C3-AD8B-8B31D6050A6C}"
EndProject
Project("{FAE04EC0-301F-11D3-BF4B-00C04F79EFBC}") = "003_Figure_GUI", "003_Figure_GUI\003_Figure_GUI.csproj", "{4352D3AC-28CD-4238-A6BB-4154FEB46E03}"
EndProject
Project("{FAE04EC0-301F-11D3-BF4B-00C04F79EFBC}") = "004_nombres_premiers_GUI", "004_nombres_premiers_GUI\004_nombres_premiers_GUI.csproj", "{2C87A286-6179-4381-BB07-2ACF7D54BA1C}"
EndProject
Project("{FAE04EC0-301F-11D3-BF4B-00C04F79EFBC}") = "005_somme_recursive", "005_somme_recursive\005_somme_recursive.csproj", "{F710E56C-2631-44BF-94B4-06D296ED86EE}"
EndProject
Project("{FAE04EC0-301F-11D3-BF4B-00C04F79EFBC}") = "006_somme_recursive_GUI", "006_somme_recursive_GUI\006_somme_recursive_GUI.csproj", "{3DC439D1-449D-407D-80DE-E6201F335ACF}"
EndProject
Project("{FAE04EC0-301F-11D3-BF4B-00C04F79EFBC}") = "007_tours_hanoi", "007_tours_hanoi\007_tours_hanoi.csproj", "{F82A9974-F516-49D2-A0A6-155E6878CFD0}"
EndProject
Project("{FAE04EC0-301F-11D3-BF4B-00C04F79EFBC}") = "008_tours_hanoi_GUI", "008_tours_hanoi_GUI\008_tours_hanoi_GUI.csproj", "{C8C24687-5DA3-41E3-BC6D-A9E28BC46DCE}"
EndProject
Project("{FAE04EC0-301F-11D3-BF4B-00C04F79EFBC}") = "009_progoo", "009_progoo\009_progoo.csproj", "{712F7EC0-3911-4F5C-A734-8DF2D9ED328E}"
EndProject
Project("{FAE04EC0-301F-11D3-BF4B-00C04F79EFBC}") = "010_voiture", "010_voiture\010_voiture.csproj", "{9E082D8D-5885-4C0A-92CC-6A755943DD73}"
EndProject
Project("{FAE04EC0-301F-11D3-BF4B-00C04F79EFBC}") = "011_etudiant", "011_etudiant\011_etudiant.csproj", "{1F793AD2-9895-416E-BD34-F6A34084CFE5}"
EndProject
Project("{FAE04EC0-301F-11D3-BF4B-00C04F79EFBC}") = "012_Dice", "012_Dice\012_Dice.csproj", "{2B71C8E9-67EA-4CF4-9824-79BD321A3BA2}"
EndProject
Project("{FAE04EC0-301F-11D3-BF4B-00C04F79EFBC}") = "013_Temperature", "013_Temperature\013_Temperature.csproj", "{85E7D0E0-69FC-4E4D-91EE-81813FEB71F8}"
EndProject
Project("{FAE04EC0-301F-11D3-BF4B-00C04F79EFBC}") = "014_Cesar", "014_Cesar\014_Cesar.csproj", "{A1E85620-263F-47EB-9ECC-77A076D086BF}"
EndProject
Project("{FAE04EC0-301F-11D3-BF4B-00C04F79EFBC}") = "015_Compte_Bancaire", "015_Compte_Bancaire\015_Compte_Bancaire.csproj", "{06A5156D-7D03-46E7-9349-7DC09AAD6724}"
EndProject
Project("{FAE04EC0-301F-11D3-BF4B-00C04F79EFBC}") = "016_Paiements", "016_Paiements\016_Paiements.csproj", "{B1BD1B7B-8086-4EEF-B925-837B31824F8A}"
EndProject
Project("{FAE04EC0-301F-11D3-BF4B-00C04F79EFBC}") = "017_Jeu_de_role", "017_Jeu_de_role\017_Jeu_de_role.csproj", "{577580D7-C9B1-4007-AADE-6E0E020AAF99}"
EndProject
Project("{FAE04EC0-301F-11D3-BF4B-00C04F79EFBC}") = "018_Matrice", "018_Matrice\018_Matrice.csproj", "{39D437E4-2F1E-4497-94A4-DE106A8EDA42}"
EndProject
Project("{FAE04EC0-301F-11D3-BF4B-00C04F79EFBC}") = "018_MatriceTest", "018_MatriceTest\018_MatriceTest.csproj", "{FDFAACDF-DB4B-403B-9961-1ABEF4227126}"
EndProject
Project("{FAE04EC0-301F-11D3-BF4B-00C04F79EFBC}") = "019_Jeu_de_role", "019_Jeu_de_role\019_Jeu_de_role.csproj", "{DA4648AD-A54E-4674-A7BB-820B08D3B335}"
EndProject
Project("{FAE04EC0-301F-11D3-BF4B-00C04F79EFBC}") = "020_Personne", "020_Personne\020_Personne.csproj", "{79E178D6-B001-4B5C-A8B8-24D060FB2A02}"
EndProject
Project("{FAE04EC0-301F-11D3-BF4B-00C04F79EFBC}") = "021_Belge", "021_Belge\021_Belge.csproj", "{6D1C0BD3-E169-486F-AAC5-5D341D45F918}"
EndProject
Project("{FAE04EC0-301F-11D3-BF4B-00C04F79EFBC}") = "022_Mage", "022_Mage\022_Mage.csproj", "{9E59D150-A3BE-4F76-B733-F2AD6129DBB3}"
EndProject
Project("{FAE04EC0-301F-11D3-BF4B-00C04F79EFBC}") = "023_ExerciceGlobal", "023_ExerciceGlobal\023_ExerciceGlobal.csproj", "{6AAB5E5F-11C2-47F1-9140-4E41DA16952D}"
EndProject
Project("{FAE04EC0-301F-11D3-BF4B-00C04F79EFBC}") = "024_majuscule_trim", "024_majuscule_trim\024_majuscule_trim.csproj", "{BB642CE6-E859-439D-B741-AFFB05259474}"
EndProject
Project("{FAE04EC0-301F-11D3-BF4B-00C04F79EFBC}") = "025_string_split", "025_string_split\025_string_split.csproj", "{3532F14C-7F3D-4084-A645-FEFF0541B8AD}"
EndProject
Project("{FAE04EC0-301F-11D3-BF4B-00C04F79EFBC}") = "026_transposition_caracteres", "026_transposition_caracteres\026_transposition_caracteres.csproj", "{6DABC6FF-CD13-496F-9957-BAEF26D88D74}"
EndProject
Project("{FAE04EC0-301F-11D3-BF4B-00C04F79EFBC}") = "027_calcul_date", "027_calcul_date\027_calcul_date.csproj", "{65C945E5-3E1F-4F2D-A0F0-8638C65C2502}"
EndProject
Project("{FAE04EC0-301F-11D3-BF4B-00C04F79EFBC}") = "028_sinus_cosinus", "028_sinus_cosinus\028_sinus_cosinus.csproj", "{8EE2ED45-430D-4D2C-8185-5E7E7198927B}"
EndProject
Project("{FAE04EC0-301F-11D3-BF4B-00C04F79EFBC}") = "029_10eme_lettre", "029_10eme_lettre\029_10eme_lettre.csproj", "{DE93A75A-0E25-4F6C-A44C-538792A9D82B}"
EndProject
Project("{FAE04EC0-301F-11D3-BF4B-00C04F79EFBC}") = "030_tableau_nombres", "030_tableau_nombres\030_tableau_nombres.csproj", "{3574CC90-CA9E-4520-8651-45E13F17DD1C}"
EndProject
Project("{FAE04EC0-301F-11D3-BF4B-00C04F79EFBC}") = "031_exemple_GUI", "031_exemple_GUI\031_exemple_GUI.csproj", "{BF201600-884E-4C2C-9D70-37DC4C47DCBD}"
EndProject
Project("{FAE04EC0-301F-11D3-BF4B-00C04F79EFBC}") = "032_calculatrice", "032_calculatrice\032_calculatrice.csproj", "{E405CC49-CCA9-4F14-BEF8-E6A8680B3D1D}"
EndProject
Project("{FAE04EC0-301F-11D3-BF4B-00C04F79EFBC}") = "Calculator", "Calculator\Calculator.csproj", "{63AA4ACE-7B6F-42B0-8D6C-8D7B9303BBB5}"
EndProject
Project("{FAE04EC0-301F-11D3-BF4B-00C04F79EFBC}") = "033_evenment_textchanged", "033_evenment_textchanged\033_evenment_textchanged.csproj", "{C43B3938-97DF-459E-A14E-A4637938A5AF}"
EndProject
Project("{FAE04EC0-301F-11D3-BF4B-00C04F79EFBC}") = "034_textbox_multiline", "034_textbox_multiline\034_textbox_multiline.csproj", "{13537C3F-9F84-48C7-A8B3-FF6B4D2558EB}"
EndProject
Project("{FAE04EC0-301F-11D3-BF4B-00C04F79EFBC}") = "035_dons", "035_dons\035_dons.csproj", "{B7DAD395-2C1A-425A-BC68-5A34AC50C598}"
EndProject
Project("{FAE04EC0-301F-11D3-BF4B-00C04F79EFBC}") = "036_search_box", "036_search_box\036_search_box.csproj", "{5F9DAB2F-E5F1-4CE7-B58C-FAC31B3D6E23}"
EndProject
Global
	GlobalSection(SolutionConfigurationPlatforms) = preSolution
		Debug|Any CPU = Debug|Any CPU
		Release|Any CPU = Release|Any CPU
	EndGlobalSection
	GlobalSection(ProjectConfigurationPlatforms) = postSolution
		{7E4CEB93-7EC6-4931-809F-E0201D56E43D}.Debug|Any CPU.ActiveCfg = Debug|Any CPU
		{7E4CEB93-7EC6-4931-809F-E0201D56E43D}.Debug|Any CPU.Build.0 = Debug|Any CPU
		{7E4CEB93-7EC6-4931-809F-E0201D56E43D}.Release|Any CPU.ActiveCfg = Release|Any CPU
		{7E4CEB93-7EC6-4931-809F-E0201D56E43D}.Release|Any CPU.Build.0 = Release|Any CPU
		{58E7589A-D96A-497B-BDCB-41AC68CA368D}.Debug|Any CPU.ActiveCfg = Debug|Any CPU
		{58E7589A-D96A-497B-BDCB-41AC68CA368D}.Debug|Any CPU.Build.0 = Debug|Any CPU
		{58E7589A-D96A-497B-BDCB-41AC68CA368D}.Release|Any CPU.ActiveCfg = Release|Any CPU
		{58E7589A-D96A-497B-BDCB-41AC68CA368D}.Release|Any CPU.Build.0 = Release|Any CPU
		{C67A89CF-D567-42C3-AD8B-8B31D6050A6C}.Debug|Any CPU.ActiveCfg = Debug|Any CPU
		{C67A89CF-D567-42C3-AD8B-8B31D6050A6C}.Debug|Any CPU.Build.0 = Debug|Any CPU
		{C67A89CF-D567-42C3-AD8B-8B31D6050A6C}.Release|Any CPU.ActiveCfg = Release|Any CPU
		{C67A89CF-D567-42C3-AD8B-8B31D6050A6C}.Release|Any CPU.Build.0 = Release|Any CPU
		{4352D3AC-28CD-4238-A6BB-4154FEB46E03}.Debug|Any CPU.ActiveCfg = Debug|Any CPU
		{4352D3AC-28CD-4238-A6BB-4154FEB46E03}.Debug|Any CPU.Build.0 = Debug|Any CPU
		{4352D3AC-28CD-4238-A6BB-4154FEB46E03}.Release|Any CPU.ActiveCfg = Release|Any CPU
		{4352D3AC-28CD-4238-A6BB-4154FEB46E03}.Release|Any CPU.Build.0 = Release|Any CPU
		{2C87A286-6179-4381-BB07-2ACF7D54BA1C}.Debug|Any CPU.ActiveCfg = Debug|Any CPU
		{2C87A286-6179-4381-BB07-2ACF7D54BA1C}.Debug|Any CPU.Build.0 = Debug|Any CPU
		{2C87A286-6179-4381-BB07-2ACF7D54BA1C}.Release|Any CPU.ActiveCfg = Release|Any CPU
		{2C87A286-6179-4381-BB07-2ACF7D54BA1C}.Release|Any CPU.Build.0 = Release|Any CPU
		{F710E56C-2631-44BF-94B4-06D296ED86EE}.Debug|Any CPU.ActiveCfg = Debug|Any CPU
		{F710E56C-2631-44BF-94B4-06D296ED86EE}.Debug|Any CPU.Build.0 = Debug|Any CPU
		{F710E56C-2631-44BF-94B4-06D296ED86EE}.Release|Any CPU.ActiveCfg = Release|Any CPU
		{F710E56C-2631-44BF-94B4-06D296ED86EE}.Release|Any CPU.Build.0 = Release|Any CPU
		{3DC439D1-449D-407D-80DE-E6201F335ACF}.Debug|Any CPU.ActiveCfg = Debug|Any CPU
		{3DC439D1-449D-407D-80DE-E6201F335ACF}.Debug|Any CPU.Build.0 = Debug|Any CPU
		{3DC439D1-449D-407D-80DE-E6201F335ACF}.Release|Any CPU.ActiveCfg = Release|Any CPU
		{3DC439D1-449D-407D-80DE-E6201F335ACF}.Release|Any CPU.Build.0 = Release|Any CPU
		{F82A9974-F516-49D2-A0A6-155E6878CFD0}.Debug|Any CPU.ActiveCfg = Debug|Any CPU
		{F82A9974-F516-49D2-A0A6-155E6878CFD0}.Debug|Any CPU.Build.0 = Debug|Any CPU
		{F82A9974-F516-49D2-A0A6-155E6878CFD0}.Release|Any CPU.ActiveCfg = Release|Any CPU
		{F82A9974-F516-49D2-A0A6-155E6878CFD0}.Release|Any CPU.Build.0 = Release|Any CPU
		{C8C24687-5DA3-41E3-BC6D-A9E28BC46DCE}.Debug|Any CPU.ActiveCfg = Debug|Any CPU
		{C8C24687-5DA3-41E3-BC6D-A9E28BC46DCE}.Debug|Any CPU.Build.0 = Debug|Any CPU
		{C8C24687-5DA3-41E3-BC6D-A9E28BC46DCE}.Release|Any CPU.ActiveCfg = Release|Any CPU
		{C8C24687-5DA3-41E3-BC6D-A9E28BC46DCE}.Release|Any CPU.Build.0 = Release|Any CPU
		{712F7EC0-3911-4F5C-A734-8DF2D9ED328E}.Debug|Any CPU.ActiveCfg = Debug|Any CPU
		{712F7EC0-3911-4F5C-A734-8DF2D9ED328E}.Debug|Any CPU.Build.0 = Debug|Any CPU
		{712F7EC0-3911-4F5C-A734-8DF2D9ED328E}.Release|Any CPU.ActiveCfg = Release|Any CPU
		{712F7EC0-3911-4F5C-A734-8DF2D9ED328E}.Release|Any CPU.Build.0 = Release|Any CPU
		{9E082D8D-5885-4C0A-92CC-6A755943DD73}.Debug|Any CPU.ActiveCfg = Debug|Any CPU
		{9E082D8D-5885-4C0A-92CC-6A755943DD73}.Debug|Any CPU.Build.0 = Debug|Any CPU
		{9E082D8D-5885-4C0A-92CC-6A755943DD73}.Release|Any CPU.ActiveCfg = Release|Any CPU
		{9E082D8D-5885-4C0A-92CC-6A755943DD73}.Release|Any CPU.Build.0 = Release|Any CPU
		{1F793AD2-9895-416E-BD34-F6A34084CFE5}.Debug|Any CPU.ActiveCfg = Debug|Any CPU
		{1F793AD2-9895-416E-BD34-F6A34084CFE5}.Debug|Any CPU.Build.0 = Debug|Any CPU
		{1F793AD2-9895-416E-BD34-F6A34084CFE5}.Release|Any CPU.ActiveCfg = Release|Any CPU
		{1F793AD2-9895-416E-BD34-F6A34084CFE5}.Release|Any CPU.Build.0 = Release|Any CPU
		{2B71C8E9-67EA-4CF4-9824-79BD321A3BA2}.Debug|Any CPU.ActiveCfg = Debug|Any CPU
		{2B71C8E9-67EA-4CF4-9824-79BD321A3BA2}.Debug|Any CPU.Build.0 = Debug|Any CPU
		{2B71C8E9-67EA-4CF4-9824-79BD321A3BA2}.Release|Any CPU.ActiveCfg = Release|Any CPU
		{2B71C8E9-67EA-4CF4-9824-79BD321A3BA2}.Release|Any CPU.Build.0 = Release|Any CPU
		{85E7D0E0-69FC-4E4D-91EE-81813FEB71F8}.Debug|Any CPU.ActiveCfg = Debug|Any CPU
		{85E7D0E0-69FC-4E4D-91EE-81813FEB71F8}.Debug|Any CPU.Build.0 = Debug|Any CPU
		{85E7D0E0-69FC-4E4D-91EE-81813FEB71F8}.Release|Any CPU.ActiveCfg = Release|Any CPU
		{85E7D0E0-69FC-4E4D-91EE-81813FEB71F8}.Release|Any CPU.Build.0 = Release|Any CPU
		{A1E85620-263F-47EB-9ECC-77A076D086BF}.Debug|Any CPU.ActiveCfg = Debug|Any CPU
		{A1E85620-263F-47EB-9ECC-77A076D086BF}.Debug|Any CPU.Build.0 = Debug|Any CPU
		{A1E85620-263F-47EB-9ECC-77A076D086BF}.Release|Any CPU.ActiveCfg = Release|Any CPU
		{A1E85620-263F-47EB-9ECC-77A076D086BF}.Release|Any CPU.Build.0 = Release|Any CPU
		{06A5156D-7D03-46E7-9349-7DC09AAD6724}.Debug|Any CPU.ActiveCfg = Debug|Any CPU
		{06A5156D-7D03-46E7-9349-7DC09AAD6724}.Debug|Any CPU.Build.0 = Debug|Any CPU
		{06A5156D-7D03-46E7-9349-7DC09AAD6724}.Release|Any CPU.ActiveCfg = Release|Any CPU
		{06A5156D-7D03-46E7-9349-7DC09AAD6724}.Release|Any CPU.Build.0 = Release|Any CPU
		{B1BD1B7B-8086-4EEF-B925-837B31824F8A}.Debug|Any CPU.ActiveCfg = Debug|Any CPU
		{B1BD1B7B-8086-4EEF-B925-837B31824F8A}.Debug|Any CPU.Build.0 = Debug|Any CPU
		{B1BD1B7B-8086-4EEF-B925-837B31824F8A}.Release|Any CPU.ActiveCfg = Release|Any CPU
		{B1BD1B7B-8086-4EEF-B925-837B31824F8A}.Release|Any CPU.Build.0 = Release|Any CPU
		{577580D7-C9B1-4007-AADE-6E0E020AAF99}.Debug|Any CPU.ActiveCfg = Debug|Any CPU
		{577580D7-C9B1-4007-AADE-6E0E020AAF99}.Debug|Any CPU.Build.0 = Debug|Any CPU
		{577580D7-C9B1-4007-AADE-6E0E020AAF99}.Release|Any CPU.ActiveCfg = Release|Any CPU
		{577580D7-C9B1-4007-AADE-6E0E020AAF99}.Release|Any CPU.Build.0 = Release|Any CPU
		{39D437E4-2F1E-4497-94A4-DE106A8EDA42}.Debug|Any CPU.ActiveCfg = Debug|Any CPU
		{39D437E4-2F1E-4497-94A4-DE106A8EDA42}.Debug|Any CPU.Build.0 = Debug|Any CPU
		{39D437E4-2F1E-4497-94A4-DE106A8EDA42}.Release|Any CPU.ActiveCfg = Release|Any CPU
		{39D437E4-2F1E-4497-94A4-DE106A8EDA42}.Release|Any CPU.Build.0 = Release|Any CPU
		{FDFAACDF-DB4B-403B-9961-1ABEF4227126}.Debug|Any CPU.ActiveCfg = Debug|Any CPU
		{FDFAACDF-DB4B-403B-9961-1ABEF4227126}.Debug|Any CPU.Build.0 = Debug|Any CPU
		{FDFAACDF-DB4B-403B-9961-1ABEF4227126}.Release|Any CPU.ActiveCfg = Release|Any CPU
		{FDFAACDF-DB4B-403B-9961-1ABEF4227126}.Release|Any CPU.Build.0 = Release|Any CPU
		{DA4648AD-A54E-4674-A7BB-820B08D3B335}.Debug|Any CPU.ActiveCfg = Debug|Any CPU
		{DA4648AD-A54E-4674-A7BB-820B08D3B335}.Debug|Any CPU.Build.0 = Debug|Any CPU
		{DA4648AD-A54E-4674-A7BB-820B08D3B335}.Release|Any CPU.ActiveCfg = Release|Any CPU
		{DA4648AD-A54E-4674-A7BB-820B08D3B335}.Release|Any CPU.Build.0 = Release|Any CPU
		{79E178D6-B001-4B5C-A8B8-24D060FB2A02}.Debug|Any CPU.ActiveCfg = Debug|Any CPU
		{79E178D6-B001-4B5C-A8B8-24D060FB2A02}.Debug|Any CPU.Build.0 = Debug|Any CPU
		{79E178D6-B001-4B5C-A8B8-24D060FB2A02}.Release|Any CPU.ActiveCfg = Release|Any CPU
		{79E178D6-B001-4B5C-A8B8-24D060FB2A02}.Release|Any CPU.Build.0 = Release|Any CPU
		{6D1C0BD3-E169-486F-AAC5-5D341D45F918}.Debug|Any CPU.ActiveCfg = Debug|Any CPU
		{6D1C0BD3-E169-486F-AAC5-5D341D45F918}.Debug|Any CPU.Build.0 = Debug|Any CPU
		{6D1C0BD3-E169-486F-AAC5-5D341D45F918}.Release|Any CPU.ActiveCfg = Release|Any CPU
		{6D1C0BD3-E169-486F-AAC5-5D341D45F918}.Release|Any CPU.Build.0 = Release|Any CPU
		{9E59D150-A3BE-4F76-B733-F2AD6129DBB3}.Debug|Any CPU.ActiveCfg = Debug|Any CPU
		{9E59D150-A3BE-4F76-B733-F2AD6129DBB3}.Debug|Any CPU.Build.0 = Debug|Any CPU
		{9E59D150-A3BE-4F76-B733-F2AD6129DBB3}.Release|Any CPU.ActiveCfg = Release|Any CPU
		{9E59D150-A3BE-4F76-B733-F2AD6129DBB3}.Release|Any CPU.Build.0 = Release|Any CPU
		{6AAB5E5F-11C2-47F1-9140-4E41DA16952D}.Debug|Any CPU.ActiveCfg = Debug|Any CPU
		{6AAB5E5F-11C2-47F1-9140-4E41DA16952D}.Debug|Any CPU.Build.0 = Debug|Any CPU
		{6AAB5E5F-11C2-47F1-9140-4E41DA16952D}.Release|Any CPU.ActiveCfg = Release|Any CPU
		{6AAB5E5F-11C2-47F1-9140-4E41DA16952D}.Release|Any CPU.Build.0 = Release|Any CPU
		{BB642CE6-E859-439D-B741-AFFB05259474}.Debug|Any CPU.ActiveCfg = Debug|Any CPU
		{BB642CE6-E859-439D-B741-AFFB05259474}.Debug|Any CPU.Build.0 = Debug|Any CPU
		{BB642CE6-E859-439D-B741-AFFB05259474}.Release|Any CPU.ActiveCfg = Release|Any CPU
		{BB642CE6-E859-439D-B741-AFFB05259474}.Release|Any CPU.Build.0 = Release|Any CPU
		{3532F14C-7F3D-4084-A645-FEFF0541B8AD}.Debug|Any CPU.ActiveCfg = Debug|Any CPU
		{3532F14C-7F3D-4084-A645-FEFF0541B8AD}.Debug|Any CPU.Build.0 = Debug|Any CPU
		{3532F14C-7F3D-4084-A645-FEFF0541B8AD}.Release|Any CPU.ActiveCfg = Release|Any CPU
		{3532F14C-7F3D-4084-A645-FEFF0541B8AD}.Release|Any CPU.Build.0 = Release|Any CPU
		{6DABC6FF-CD13-496F-9957-BAEF26D88D74}.Debug|Any CPU.ActiveCfg = Debug|Any CPU
		{6DABC6FF-CD13-496F-9957-BAEF26D88D74}.Debug|Any CPU.Build.0 = Debug|Any CPU
		{6DABC6FF-CD13-496F-9957-BAEF26D88D74}.Release|Any CPU.ActiveCfg = Release|Any CPU
		{6DABC6FF-CD13-496F-9957-BAEF26D88D74}.Release|Any CPU.Build.0 = Release|Any CPU
		{65C945E5-3E1F-4F2D-A0F0-8638C65C2502}.Debug|Any CPU.ActiveCfg = Debug|Any CPU
		{65C945E5-3E1F-4F2D-A0F0-8638C65C2502}.Debug|Any CPU.Build.0 = Debug|Any CPU
		{65C945E5-3E1F-4F2D-A0F0-8638C65C2502}.Release|Any CPU.ActiveCfg = Release|Any CPU
		{65C945E5-3E1F-4F2D-A0F0-8638C65C2502}.Release|Any CPU.Build.0 = Release|Any CPU
		{8EE2ED45-430D-4D2C-8185-5E7E7198927B}.Debug|Any CPU.ActiveCfg = Debug|Any CPU
		{8EE2ED45-430D-4D2C-8185-5E7E7198927B}.Debug|Any CPU.Build.0 = Debug|Any CPU
		{8EE2ED45-430D-4D2C-8185-5E7E7198927B}.Release|Any CPU.ActiveCfg = Release|Any CPU
		{8EE2ED45-430D-4D2C-8185-5E7E7198927B}.Release|Any CPU.Build.0 = Release|Any CPU
		{DE93A75A-0E25-4F6C-A44C-538792A9D82B}.Debug|Any CPU.ActiveCfg = Debug|Any CPU
		{DE93A75A-0E25-4F6C-A44C-538792A9D82B}.Debug|Any CPU.Build.0 = Debug|Any CPU
		{DE93A75A-0E25-4F6C-A44C-538792A9D82B}.Release|Any CPU.ActiveCfg = Release|Any CPU
		{DE93A75A-0E25-4F6C-A44C-538792A9D82B}.Release|Any CPU.Build.0 = Release|Any CPU
		{3574CC90-CA9E-4520-8651-45E13F17DD1C}.Debug|Any CPU.ActiveCfg = Debug|Any CPU
		{3574CC90-CA9E-4520-8651-45E13F17DD1C}.Debug|Any CPU.Build.0 = Debug|Any CPU
		{3574CC90-CA9E-4520-8651-45E13F17DD1C}.Release|Any CPU.ActiveCfg = Release|Any CPU
		{3574CC90-CA9E-4520-8651-45E13F17DD1C}.Release|Any CPU.Build.0 = Release|Any CPU
		{BF201600-884E-4C2C-9D70-37DC4C47DCBD}.Debug|Any CPU.ActiveCfg = Debug|Any CPU
		{BF201600-884E-4C2C-9D70-37DC4C47DCBD}.Debug|Any CPU.Build.0 = Debug|Any CPU
		{BF201600-884E-4C2C-9D70-37DC4C47DCBD}.Release|Any CPU.ActiveCfg = Release|Any CPU
		{BF201600-884E-4C2C-9D70-37DC4C47DCBD}.Release|Any CPU.Build.0 = Release|Any CPU
		{E405CC49-CCA9-4F14-BEF8-E6A8680B3D1D}.Debug|Any CPU.ActiveCfg = Debug|Any CPU
		{E405CC49-CCA9-4F14-BEF8-E6A8680B3D1D}.Debug|Any CPU.Build.0 = Debug|Any CPU
		{E405CC49-CCA9-4F14-BEF8-E6A8680B3D1D}.Release|Any CPU.ActiveCfg = Release|Any CPU
		{E405CC49-CCA9-4F14-BEF8-E6A8680B3D1D}.Release|Any CPU.Build.0 = Release|Any CPU
		{63AA4ACE-7B6F-42B0-8D6C-8D7B9303BBB5}.Debug|Any CPU.ActiveCfg = Debug|Any CPU
		{63AA4ACE-7B6F-42B0-8D6C-8D7B9303BBB5}.Debug|Any CPU.Build.0 = Debug|Any CPU
		{63AA4ACE-7B6F-42B0-8D6C-8D7B9303BBB5}.Release|Any CPU.ActiveCfg = Release|Any CPU
		{63AA4ACE-7B6F-42B0-8D6C-8D7B9303BBB5}.Release|Any CPU.Build.0 = Release|Any CPU
		{C43B3938-97DF-459E-A14E-A4637938A5AF}.Debug|Any CPU.ActiveCfg = Debug|Any CPU
		{C43B3938-97DF-459E-A14E-A4637938A5AF}.Debug|Any CPU.Build.0 = Debug|Any CPU
		{C43B3938-97DF-459E-A14E-A4637938A5AF}.Release|Any CPU.ActiveCfg = Release|Any CPU
		{C43B3938-97DF-459E-A14E-A4637938A5AF}.Release|Any CPU.Build.0 = Release|Any CPU
		{13537C3F-9F84-48C7-A8B3-FF6B4D2558EB}.Debug|Any CPU.ActiveCfg = Debug|Any CPU
		{13537C3F-9F84-48C7-A8B3-FF6B4D2558EB}.Debug|Any CPU.Build.0 = Debug|Any CPU
		{13537C3F-9F84-48C7-A8B3-FF6B4D2558EB}.Release|Any CPU.ActiveCfg = Release|Any CPU
		{13537C3F-9F84-48C7-A8B3-FF6B4D2558EB}.Release|Any CPU.Build.0 = Release|Any CPU
		{B7DAD395-2C1A-425A-BC68-5A34AC50C598}.Debug|Any CPU.ActiveCfg = Debug|Any CPU
		{B7DAD395-2C1A-425A-BC68-5A34AC50C598}.Debug|Any CPU.Build.0 = Debug|Any CPU
		{B7DAD395-2C1A-425A-BC68-5A34AC50C598}.Release|Any CPU.ActiveCfg = Release|Any CPU
		{B7DAD395-2C1A-425A-BC68-5A34AC50C598}.Release|Any CPU.Build.0 = Release|Any CPU
		{5F9DAB2F-E5F1-4CE7-B58C-FAC31B3D6E23}.Debug|Any CPU.ActiveCfg = Debug|Any CPU
		{5F9DAB2F-E5F1-4CE7-B58C-FAC31B3D6E23}.Debug|Any CPU.Build.0 = Debug|Any CPU
		{5F9DAB2F-E5F1-4CE7-B58C-FAC31B3D6E23}.Release|Any CPU.ActiveCfg = Release|Any CPU
		{5F9DAB2F-E5F1-4CE7-B58C-FAC31B3D6E23}.Release|Any CPU.Build.0 = Release|Any CPU
	EndGlobalSection
	GlobalSection(SolutionProperties) = preSolution
		HideSolutionNode = FALSE
	EndGlobalSection
EndGlobal
